
Microsoft Visual Studio Solution File, Format Version 12.00
# Visual Studio Version 16
VisualStudioVersion = 16.0.30204.135
MinimumVisualStudioVersion = 10.0.40219.1
Project("{FAE04EC0-301F-11D3-BF4B-00C04F79EFBC}") = "UsersAndCompanies", "UsersAndCompanies\UsersAndCompanies.csproj", "{3698408D-AE5D-43A0-A668-3C3C6B641110}"
EndProject
Global
	GlobalSection(SolutionConfigurationPlatforms) = preSolution
		Debug|Any CPU = Debug|Any CPU
		Release|Any CPU = Release|Any CPU
	EndGlobalSection
	GlobalSection(ProjectConfigurationPlatforms) = postSolution
		{3698408D-AE5D-43A0-A668-3C3C6B641110}.Debug|Any CPU.ActiveCfg = Debug|Any CPU
		{3698408D-AE5D-43A0-A668-3C3C6B641110}.Debug|Any CPU.Build.0 = Debug|Any CPU
		{3698408D-AE5D-43A0-A668-3C3C6B641110}.Release|Any CPU.ActiveCfg = Release|Any CPU
		{3698408D-AE5D-43A0-A668-3C3C6B641110}.Release|Any CPU.Build.0 = Release|Any CPU
	EndGlobalSection
	GlobalSection(SolutionProperties) = preSolution
		HideSolutionNode = FALSE
	EndGlobalSection
	GlobalSection(ExtensibilityGlobals) = postSolution
		SolutionGuid = {61E06CBE-7768-481E-ACF4-3CA95F275F5E}
	EndGlobalSection
EndGlobal
